// !$*UTF8*$!
{
	archiveVersion = 1;
	classes = {
	};
	objectVersion = 50;
	objects = {

/* Begin PBXBuildFile section */
		1942332B24BF3ECE00A60B23 /* Color.swift in Sources */ = {isa = PBXBuildFile; fileRef = 1942332A24BF3ECE00A60B23 /* Color.swift */; };
		1942332D24BF408E00A60B23 /* Operations.swift in Sources */ = {isa = PBXBuildFile; fileRef = 1942332C24BF408E00A60B23 /* Operations.swift */; };
		198A431E24BF7C5B005F702F /* roundButton.swift in Sources */ = {isa = PBXBuildFile; fileRef = 198A431D24BF7C5B005F702F /* roundButton.swift */; };
		199E937E24B5E99B0085EF82 /* AppDelegate.swift in Sources */ = {isa = PBXBuildFile; fileRef = 199E937D24B5E99B0085EF82 /* AppDelegate.swift */; };
		199E938024B5E99B0085EF82 /* SceneDelegate.swift in Sources */ = {isa = PBXBuildFile; fileRef = 199E937F24B5E99B0085EF82 /* SceneDelegate.swift */; };
		199E938224B5E99B0085EF82 /* ViewController.swift in Sources */ = {isa = PBXBuildFile; fileRef = 199E938124B5E99B0085EF82 /* ViewController.swift */; };
		199E938524B5E99B0085EF82 /* Main.storyboard in Resources */ = {isa = PBXBuildFile; fileRef = 199E938324B5E99B0085EF82 /* Main.storyboard */; };
		199E938724B5E99E0085EF82 /* Assets.xcassets in Resources */ = {isa = PBXBuildFile; fileRef = 199E938624B5E99E0085EF82 /* Assets.xcassets */; };
		199E938A24B5E99E0085EF82 /* LaunchScreen.storyboard in Resources */ = {isa = PBXBuildFile; fileRef = 199E938824B5E99E0085EF82 /* LaunchScreen.storyboard */; };
/* End PBXBuildFile section */

/* Begin PBXFileReference section */
		1942332A24BF3ECE00A60B23 /* Color.swift */ = {isa = PBXFileReference; lastKnownFileType = sourcecode.swift; path = Color.swift; sourceTree = "<group>"; };
		1942332C24BF408E00A60B23 /* Operations.swift */ = {isa = PBXFileReference; lastKnownFileType = sourcecode.swift; path = Operations.swift; sourceTree = "<group>"; };
		198A431D24BF7C5B005F702F /* roundButton.swift */ = {isa = PBXFileReference; lastKnownFileType = sourcecode.swift; path = roundButton.swift; sourceTree = "<group>"; };
		199E937A24B5E99B0085EF82 /* calculator.app */ = {isa = PBXFileReference; explicitFileType = wrapper.application; includeInIndex = 0; path = calculator.app; sourceTree = BUILT_PRODUCTS_DIR; };
		199E937D24B5E99B0085EF82 /* AppDelegate.swift */ = {isa = PBXFileReference; lastKnownFileType = sourcecode.swift; path = AppDelegate.swift; sourceTree = "<group>"; };
		199E937F24B5E99B0085EF82 /* SceneDelegate.swift */ = {isa = PBXFileReference; lastKnownFileType = sourcecode.swift; path = SceneDelegate.swift; sourceTree = "<group>"; };
		199E938124B5E99B0085EF82 /* ViewController.swift */ = {isa = PBXFileReference; lastKnownFileType = sourcecode.swift; path = ViewController.swift; sourceTree = "<group>"; };
		199E938424B5E99B0085EF82 /* Base */ = {isa = PBXFileReference; lastKnownFileType = file.storyboard; name = Base; path = Base.lproj/Main.storyboard; sourceTree = "<group>"; };
		199E938624B5E99E0085EF82 /* Assets.xcassets */ = {isa = PBXFileReference; lastKnownFileType = folder.assetcatalog; path = Assets.xcassets; sourceTree = "<group>"; };
		199E938924B5E99E0085EF82 /* Base */ = {isa = PBXFileReference; lastKnownFileType = file.storyboard; name = Base; path = Base.lproj/LaunchScreen.storyboard; sourceTree = "<group>"; };
		199E938B24B5E99E0085EF82 /* Info.plist */ = {isa = PBXFileReference; lastKnownFileType = text.plist.xml; path = Info.plist; sourceTree = "<group>"; };
/* End PBXFileReference section */

/* Begin PBXFrameworksBuildPhase section */
		199E937724B5E99B0085EF82 /* Frameworks */ = {
			isa = PBXFrameworksBuildPhase;
			buildActionMask = 2147483647;
			files = (
			);
			runOnlyForDeploymentPostprocessing = 0;
		};
/* End PBXFrameworksBuildPhase section */

/* Begin PBXGroup section */
		1942332724BF389E00A60B23 /* Model */ = {
			isa = PBXGroup;
			children = (
				1942332A24BF3ECE00A60B23 /* Color.swift */,
				1942332C24BF408E00A60B23 /* Operations.swift */,
			);
			path = Model;
			sourceTree = "<group>";
		};
		1942332924BF3E7800A60B23 /* Controller */ = {
			isa = PBXGroup;
			children = (
				199E938124B5E99B0085EF82 /* ViewController.swift */,
			);
			path = Controller;
			sourceTree = "<group>";
		};
		199E937124B5E99B0085EF82 = {
			isa = PBXGroup;
			children = (
				199E937C24B5E99B0085EF82 /* calculator */,
				199E937B24B5E99B0085EF82 /* Products */,
			);
			sourceTree = "<group>";
		};
		199E937B24B5E99B0085EF82 /* Products */ = {
			isa = PBXGroup;
			children = (
				199E937A24B5E99B0085EF82 /* calculator.app */,
			);
			name = Products;
			sourceTree = "<group>";
		};
		199E937C24B5E99B0085EF82 /* calculator */ = {
			isa = PBXGroup;
			children = (
				1942332924BF3E7800A60B23 /* Controller */,
				1942332724BF389E00A60B23 /* Model */,
				199E939F24B5F7F50085EF82 /* View */,
				199E937D24B5E99B0085EF82 /* AppDelegate.swift */,
				199E937F24B5E99B0085EF82 /* SceneDelegate.swift */,
				199E938624B5E99E0085EF82 /* Assets.xcassets */,
				199E938824B5E99E0085EF82 /* LaunchScreen.storyboard */,
				199E938B24B5E99E0085EF82 /* Info.plist */,
			);
			path = calculator;
			sourceTree = "<group>";
		};
		199E939F24B5F7F50085EF82 /* View */ = {
			isa = PBXGroup;
			children = (
				199E938324B5E99B0085EF82 /* Main.storyboard */,
				198A431D24BF7C5B005F702F /* roundButton.swift */,
			);
			path = View;
			sourceTree = "<group>";
		};
/* End PBXGroup section */

/* Begin PBXNativeTarget section */
		199E937924B5E99B0085EF82 /* calculator */ = {
			isa = PBXNativeTarget;
			buildConfigurationList = 199E939924B5E99F0085EF82 /* Build configuration list for PBXNativeTarget "calculator" */;
			buildPhases = (
				199E937624B5E99B0085EF82 /* Sources */,
				199E937724B5E99B0085EF82 /* Frameworks */,
				199E937824B5E99B0085EF82 /* Resources */,
			);
			buildRules = (
			);
			dependencies = (
			);
			name = calculator;
			productName = calculator;
			productReference = 199E937A24B5E99B0085EF82 /* calculator.app */;
			productType = "com.apple.product-type.application";
		};
/* End PBXNativeTarget section */

/* Begin PBXProject section */
		199E937224B5E99B0085EF82 /* Project object */ = {
			isa = PBXProject;
			attributes = {
				LastSwiftUpdateCheck = 1160;
				LastUpgradeCheck = 1150;
				ORGANIZATIONNAME = Daria;
				TargetAttributes = {
					199E937924B5E99B0085EF82 = {
						CreatedOnToolsVersion = 11.5;
					};
				};
			};
			buildConfigurationList = 199E937524B5E99B0085EF82 /* Build configuration list for PBXProject "calculator" */;
			compatibilityVersion = "Xcode 9.3";
			developmentRegion = en;
			hasScannedForEncodings = 0;
			knownRegions = (
				en,
				Base,
			);
			mainGroup = 199E937124B5E99B0085EF82;
			productRefGroup = 199E937B24B5E99B0085EF82 /* Products */;
			projectDirPath = "";
			projectRoot = "";
			targets = (
				199E937924B5E99B0085EF82 /* calculator */,
			);
		};
/* End PBXProject section */

/* Begin PBXResourcesBuildPhase section */
		199E937824B5E99B0085EF82 /* Resources */ = {
			isa = PBXResourcesBuildPhase;
			buildActionMask = 2147483647;
			files = (
				199E938A24B5E99E0085EF82 /* LaunchScreen.storyboard in Resources */,
				199E938724B5E99E0085EF82 /* Assets.xcassets in Resources */,
				199E938524B5E99B0085EF82 /* Main.storyboard in Resources */,
			);
			runOnlyForDeploymentPostprocessing = 0;
		};
/* End PBXResourcesBuildPhase section */

/* Begin PBXSourcesBuildPhase section */
		199E937624B5E99B0085EF82 /* Sources */ = {
			isa = PBXSourcesBuildPhase;
			buildActionMask = 2147483647;
			files = (
				199E938224B5E99B0085EF82 /* ViewController.swift in Sources */,
				1942332B24BF3ECE00A60B23 /* Color.swift in Sources */,
				199E937E24B5E99B0085EF82 /* AppDelegate.swift in Sources */,
				199E938024B5E99B0085EF82 /* SceneDelegate.swift in Sources */,
				198A431E24BF7C5B005F702F /* roundButton.swift in Sources */,
				1942332D24BF408E00A60B23 /* Operations.swift in Sources */,
			);
			runOnlyForDeploymentPostprocessing = 0;
		};
/* End PBXSourcesBuildPhase section */

/* Begin PBXVariantGroup section */
		199E938324B5E99B0085EF82 /* Main.storyboard */ = {
			isa = PBXVariantGroup;
			children = (
				199E938424B5E99B0085EF82 /* Base */,
			);
			name = Main.storyboard;
			sourceTree = "<group>";
		};
		199E938824B5E99E0085EF82 /* LaunchScreen.storyboard */ = {
			isa = PBXVariantGroup;
			children = (
				199E938924B5E99E0085EF82 /* Base */,
			);
			name = LaunchScreen.storyboard;
			sourceTree = "<group>";
		};
/* End PBXVariantGroup section */

/* Begin XCBuildConfiguration section */
		199E939724B5E99F0085EF82 /* Debug */ = {
			isa = XCBuildConfiguration;
			buildSettings = {
				ALWAYS_SEARCH_USER_PATHS = NO;
				CLANG_ANALYZER_NONNULL = YES;
				CLANG_ANALYZER_NUMBER_OBJECT_CONVERSION = YES_AGGRESSIVE;
				CLANG_CXX_LANGUAGE_STANDARD = "gnu++14";
				CLANG_CXX_LIBRARY = "libc++";
				CLANG_ENABLE_MODULES = YES;
				CLANG_ENABLE_OBJC_ARC = YES;
				CLANG_ENABLE_OBJC_WEAK = YES;
				CLANG_WARN_BLOCK_CAPTURE_AUTORELEASING = YES;
				CLANG_WARN_BOOL_CONVERSION = YES;
				CLANG_WARN_COMMA = YES;
				CLANG_WARN_CONSTANT_CONVERSION = YES;
				CLANG_WARN_DEPRECATED_OBJC_IMPLEMENTATIONS = YES;
				CLANG_WARN_DIRECT_OBJC_ISA_USAGE = YES_ERROR;
				CLANG_WARN_DOCUMENTATION_COMMENTS = YES;
				CLANG_WARN_EMPTY_BODY = YES;
				CLANG_WARN_ENUM_CONVERSION = YES;
				CLANG_WARN_INFINITE_RECURSION = YES;
				CLANG_WARN_INT_CONVERSION = YES;
				CLANG_WARN_NON_LITERAL_NULL_CONVERSION = YES;
				CLANG_WARN_OBJC_IMPLICIT_RETAIN_SELF = YES;
				CLANG_WARN_OBJC_LITERAL_CONVERSION = YES;
				CLANG_WARN_OBJC_ROOT_CLASS = YES_ERROR;
				CLANG_WARN_RANGE_LOOP_ANALYSIS = YES;
				CLANG_WARN_STRICT_PROTOTYPES = YES;
				CLANG_WARN_SUSPICIOUS_MOVE = YES;
				CLANG_WARN_UNGUARDED_AVAILABILITY = YES_AGGRESSIVE;
				CLANG_WARN_UNREACHABLE_CODE = YES;
				CLANG_WARN__DUPLICATE_METHOD_MATCH = YES;
				COPY_PHASE_STRIP = NO;
				DEBUG_INFORMATION_FORMAT = dwarf;
				ENABLE_STRICT_OBJC_MSGSEND = YES;
				ENABLE_TESTABILITY = YES;
				GCC_C_LANGUAGE_STANDARD = gnu11;
				GCC_DYNAMIC_NO_PIC = NO;
				GCC_NO_COMMON_BLOCKS = YES;
				GCC_OPTIMIZATION_LEVEL = 0;
				GCC_PREPROCESSOR_DEFINITIONS = (
					"DEBUG=1",
					"$(inherited)",
				);
				GCC_WARN_64_TO_32_BIT_CONVERSION = YES;
				GCC_WARN_ABOUT_RETURN_TYPE = YES_ERROR;
				GCC_WARN_UNDECLARED_SELECTOR = YES;
				GCC_WARN_UNINITIALIZED_AUTOS = YES_AGGRESSIVE;
				GCC_WARN_UNUSED_FUNCTION = YES;
				GCC_WARN_UNUSED_VARIABLE = YES;
				IPHONEOS_DEPLOYMENT_TARGET = 13.5;
				MTL_ENABLE_DEBUG_INFO = INCLUDE_SOURCE;
				MTL_FAST_MATH = YES;
				ONLY_ACTIVE_ARCH = YES;
				SDKROOT = iphoneos;
				SWIFT_ACTIVE_COMPILATION_CONDITIONS = DEBUG;
				SWIFT_OPTIMIZATION_LEVEL = "-Onone";
			};
			name = Debug;
		};
		199E939824B5E99F0085EF82 /* Release */ = {
			isa = XCBuildConfiguration;
			buildSettings = {
				ALWAYS_SEARCH_USER_PATHS = NO;
				CLANG_ANALYZER_NONNULL = YES;
				CLANG_ANALYZER_NUMBER_OBJECT_CONVERSION = YES_AGGRESSIVE;
				CLANG_CXX_LANGUAGE_STANDARD = "gnu++14";
				CLANG_CXX_LIBRARY = "libc++";
				CLANG_ENABLE_MODULES = YES;
				CLANG_ENABLE_OBJC_ARC = YES;
				CLANG_ENABLE_OBJC_WEAK = YES;
				CLANG_WARN_BLOCK_CAPTURE_AUTORELEASING = YES;
				CLANG_WARN_BOOL_CONVERSION = YES;
				CLANG_WARN_COMMA = YES;
				CLANG_WARN_CONSTANT_CONVERSION = YES;
				CLANG_WARN_DEPRECATED_OBJC_IMPLEMENTATIONS = YES;
				CLANG_WARN_DIRECT_OBJC_ISA_USAGE = YES_ERROR;
				CLANG_WARN_DOCUMENTATION_COMMENTS = YES;
				CLANG_WARN_EMPTY_BODY = YES;
				CLANG_WARN_ENUM_CONVERSION = YES;
				CLANG_WARN_INFINITE_RECURSION = YES;
				CLANG_WARN_INT_CONVERSION = YES;
				CLANG_WARN_NON_LITERAL_NULL_CONVERSION = YES;
				CLANG_WARN_OBJC_IMPLICIT_RETAIN_SELF = YES;
				CLANG_WARN_OBJC_LITERAL_CONVERSION = YES;
				CLANG_WARN_OBJC_ROOT_CLASS = YES_ERROR;
				CLANG_WARN_RANGE_LOOP_ANALYSIS = YES;
				CLANG_WARN_STRICT_PROTOTYPES = YES;
				CLANG_WARN_SUSPICIOUS_MOVE = YES;
				CLANG_WARN_UNGUARDED_AVAILABILITY = YES_AGGRESSIVE;
				CLANG_WARN_UNREACHABLE_CODE = YES;
				CLANG_WARN__DUPLICATE_METHOD_MATCH = YES;
				COPY_PHASE_STRIP = NO;
				DEBUG_INFORMATION_FORMAT = "dwarf-with-dsym";
				ENABLE_NS_ASSERTIONS = NO;
				ENABLE_STRICT_OBJC_MSGSEND = YES;
				GCC_C_LANGUAGE_STANDARD = gnu11;
				GCC_NO_COMMON_BLOCKS = YES;
				GCC_WARN_64_TO_32_BIT_CONVERSION = YES;
				GCC_WARN_ABOUT_RETURN_TYPE = YES_ERROR;
				GCC_WARN_UNDECLARED_SELECTOR = YES;
				GCC_WARN_UNINITIALIZED_AUTOS = YES_AGGRESSIVE;
				GCC_WARN_UNUSED_FUNCTION = YES;
				GCC_WARN_UNUSED_VARIABLE = YES;
				IPHONEOS_DEPLOYMENT_TARGET = 13.5;
				MTL_ENABLE_DEBUG_INFO = NO;
				MTL_FAST_MATH = YES;
				SDKROOT = iphoneos;
				SWIFT_COMPILATION_MODE = wholemodule;
				SWIFT_OPTIMIZATION_LEVEL = "-O";
				VALIDATE_PRODUCT = YES;
			};
			name = Release;
		};
		199E939A24B5E99F0085EF82 /* Debug */ = {
			isa = XCBuildConfiguration;
			buildSettings = {
				ASSETCATALOG_COMPILER_APPICON_NAME = AppIcon;
				CODE_SIGN_STYLE = Automatic;
				DEVELOPMENT_TEAM = 59L78U6PW8;
				INFOPLIST_FILE = calculator/Info.plist;
				LD_RUNPATH_SEARCH_PATHS = (
					"$(inherited)",
					"@executable_path/Frameworks",
				);
				PRODUCT_BUNDLE_IDENTIFIER = unit.calculator;
				PRODUCT_NAME = "$(TARGET_NAME)";
				SWIFT_VERSION = 5.0;
				TARGETED_DEVICE_FAMILY = "1,2";
			};
			name = Debug;
		};
		199E939B24B5E99F0085EF82 /* Release */ = {
			isa = XCBuildConfiguration;
			buildSettings = {
				ASSETCATALOG_COMPILER_APPICON_NAME = AppIcon;
				CODE_SIGN_STYLE = Automatic;
				DEVELOPMENT_TEAM = 59L78U6PW8;
				INFOPLIST_FILE = calculator/Info.plist;
				LD_RUNPATH_SEARCH_PATHS = (
					"$(inherited)",
					"@executable_path/Frameworks",
				);
				PRODUCT_BUNDLE_IDENTIFIER = unit.calculator;
				PRODUCT_NAME = "$(TARGET_NAME)";
				SWIFT_VERSION = 5.0;
				TARGETED_DEVICE_FAMILY = "1,2";
			};
			name = Release;
		};
/* End XCBuildConfiguration section */

/* Begin XCConfigurationList section */
		199E937524B5E99B0085EF82 /* Build configuration list for PBXProject "calculator" */ = {
			isa = XCConfigurationList;
			buildConfigurations = (
				199E939724B5E99F0085EF82 /* Debug */,
				199E939824B5E99F0085EF82 /* Release */,
			);
			defaultConfigurationIsVisible = 0;
			defaultConfigurationName = Release;
		};
		199E939924B5E99F0085EF82 /* Build configuration list for PBXNativeTarget "calculator" */ = {
			isa = XCConfigurationList;
			buildConfigurations = (
				199E939A24B5E99F0085EF82 /* Debug */,
				199E939B24B5E99F0085EF82 /* Release */,
			);
			defaultConfigurationIsVisible = 0;
			defaultConfigurationName = Release;
		};
/* End XCConfigurationList section */
	};
	rootObject = 199E937224B5E99B0085EF82 /* Project object */;
}
